// !$*UTF8*$!
{
	archiveVersion = 1;
	classes = {
	};
	objectVersion = 50;
	objects = {

/* Begin PBXBuildFile section */
		A30ABE8A21978C5700EC9849 /* AppDelegate.m in Sources */ = {isa = PBXBuildFile; fileRef = A30ABE8921978C5700EC9849 /* AppDelegate.m */; };
		A30ABE9021978C5700EC9849 /* Main.storyboard in Resources */ = {isa = PBXBuildFile; fileRef = A30ABE8E21978C5700EC9849 /* Main.storyboard */; };
		A30ABE9221978C5900EC9849 /* Assets.xcassets in Resources */ = {isa = PBXBuildFile; fileRef = A30ABE9121978C5900EC9849 /* Assets.xcassets */; };
		A30ABE9521978C5900EC9849 /* LaunchScreen.storyboard in Resources */ = {isa = PBXBuildFile; fileRef = A30ABE9321978C5900EC9849 /* LaunchScreen.storyboard */; };
		A30ABEA021978D7E00EC9849 /* CollectionViewController.m in Sources */ = {isa = PBXBuildFile; fileRef = A30ABE9F21978D7E00EC9849 /* CollectionViewController.m */; };
		A30ABEA3219791EE00EC9849 /* CollectionViewCell.m in Sources */ = {isa = PBXBuildFile; fileRef = A30ABEA2219791EE00EC9849 /* CollectionViewCell.m */; };
		A30FE58E2198DBF70028E2BE /* DetailViewController.m in Sources */ = {isa = PBXBuildFile; fileRef = A30FE58D2198DBF70028E2BE /* DetailViewController.m */; };
		A3C082042198952500E987F0 /* main.m in Sources */ = {isa = PBXBuildFile; fileRef = A3C082032198952500E987F0 /* main.m */; };
		A3C082072198954E00E987F0 /* Giphy.m in Sources */ = {isa = PBXBuildFile; fileRef = A3C082062198954E00E987F0 /* Giphy.m */; };
/* End PBXBuildFile section */

/* Begin PBXFileReference section */
		A30ABE8521978C5700EC9849 /* GifViewer.app */ = {isa = PBXFileReference; explicitFileType = wrapper.application; includeInIndex = 0; path = GifViewer.app; sourceTree = BUILT_PRODUCTS_DIR; };
		A30ABE8821978C5700EC9849 /* AppDelegate.h */ = {isa = PBXFileReference; lastKnownFileType = sourcecode.c.h; path = AppDelegate.h; sourceTree = "<group>"; };
		A30ABE8921978C5700EC9849 /* AppDelegate.m */ = {isa = PBXFileReference; lastKnownFileType = sourcecode.c.objc; path = AppDelegate.m; sourceTree = "<group>"; };
		A30ABE8F21978C5700EC9849 /* Base */ = {isa = PBXFileReference; lastKnownFileType = file.storyboard; name = Base; path = Base.lproj/Main.storyboard; sourceTree = "<group>"; };
		A30ABE9121978C5900EC9849 /* Assets.xcassets */ = {isa = PBXFileReference; lastKnownFileType = folder.assetcatalog; path = Assets.xcassets; sourceTree = "<group>"; };
		A30ABE9421978C5900EC9849 /* Base */ = {isa = PBXFileReference; lastKnownFileType = file.storyboard; name = Base; path = Base.lproj/LaunchScreen.storyboard; sourceTree = "<group>"; };
		A30ABE9621978C5900EC9849 /* Info.plist */ = {isa = PBXFileReference; lastKnownFileType = text.plist.xml; path = Info.plist; sourceTree = "<group>"; };
		A30ABE9E21978D7E00EC9849 /* CollectionViewController.h */ = {isa = PBXFileReference; lastKnownFileType = sourcecode.c.h; path = CollectionViewController.h; sourceTree = "<group>"; };
		A30ABE9F21978D7E00EC9849 /* CollectionViewController.m */ = {isa = PBXFileReference; lastKnownFileType = sourcecode.c.objc; path = CollectionViewController.m; sourceTree = "<group>"; };
		A30ABEA1219791EE00EC9849 /* CollectionViewCell.h */ = {isa = PBXFileReference; lastKnownFileType = sourcecode.c.h; path = CollectionViewCell.h; sourceTree = "<group>"; };
		A30ABEA2219791EE00EC9849 /* CollectionViewCell.m */ = {isa = PBXFileReference; lastKnownFileType = sourcecode.c.objc; path = CollectionViewCell.m; sourceTree = "<group>"; };
		A30FE58C2198DBF70028E2BE /* DetailViewController.h */ = {isa = PBXFileReference; lastKnownFileType = sourcecode.c.h; path = DetailViewController.h; sourceTree = "<group>"; };
		A30FE58D2198DBF70028E2BE /* DetailViewController.m */ = {isa = PBXFileReference; lastKnownFileType = sourcecode.c.objc; path = DetailViewController.m; sourceTree = "<group>"; };
		A3C082032198952500E987F0 /* main.m */ = {isa = PBXFileReference; fileEncoding = 4; lastKnownFileType = sourcecode.c.objc; path = main.m; sourceTree = "<group>"; };
		A3C082052198954E00E987F0 /* Giphy.h */ = {isa = PBXFileReference; lastKnownFileType = sourcecode.c.h; path = Giphy.h; sourceTree = "<group>"; };
		A3C082062198954E00E987F0 /* Giphy.m */ = {isa = PBXFileReference; lastKnownFileType = sourcecode.c.objc; path = Giphy.m; sourceTree = "<group>"; };
/* End PBXFileReference section */

/* Begin PBXFrameworksBuildPhase section */
		A30ABE8221978C5700EC9849 /* Frameworks */ = {
			isa = PBXFrameworksBuildPhase;
			buildActionMask = 2147483647;
			files = (
			);
			runOnlyForDeploymentPostprocessing = 0;
		};
/* End PBXFrameworksBuildPhase section */

/* Begin PBXGroup section */
		A30ABE7C21978C5700EC9849 = {
			isa = PBXGroup;
			children = (
				A30ABE8721978C5700EC9849 /* GifViewer */,
				A30ABE8621978C5700EC9849 /* Products */,
			);
			sourceTree = "<group>";
		};
		A30ABE8621978C5700EC9849 /* Products */ = {
			isa = PBXGroup;
			children = (
				A30ABE8521978C5700EC9849 /* GifViewer.app */,
			);
			name = Products;
			sourceTree = "<group>";
		};
		A30ABE8721978C5700EC9849 /* GifViewer */ = {
			isa = PBXGroup;
			children = (
				A30ABE8821978C5700EC9849 /* AppDelegate.h */,
				A30ABE8921978C5700EC9849 /* AppDelegate.m */,
				A30ABE9E21978D7E00EC9849 /* CollectionViewController.h */,
				A30ABE9F21978D7E00EC9849 /* CollectionViewController.m */,
				A30FE58C2198DBF70028E2BE /* DetailViewController.h */,
				A30FE58D2198DBF70028E2BE /* DetailViewController.m */,
				A30ABEA1219791EE00EC9849 /* CollectionViewCell.h */,
				A30ABEA2219791EE00EC9849 /* CollectionViewCell.m */,
				A3C082052198954E00E987F0 /* Giphy.h */,
				A3C082062198954E00E987F0 /* Giphy.m */,
				A30ABE8E21978C5700EC9849 /* Main.storyboard */,
				A30ABE9121978C5900EC9849 /* Assets.xcassets */,
				A30ABE9321978C5900EC9849 /* LaunchScreen.storyboard */,
				A30ABE9621978C5900EC9849 /* Info.plist */,
				A3C082032198952500E987F0 /* main.m */,
			);
			path = GifViewer;
			sourceTree = "<group>";
		};
/* End PBXGroup section */

/* Begin PBXNativeTarget section */
		A30ABE8421978C5700EC9849 /* GifViewer */ = {
			isa = PBXNativeTarget;
			buildConfigurationList = A30ABE9B21978C5900EC9849 /* Build configuration list for PBXNativeTarget "GifViewer" */;
			buildPhases = (
				A30ABE8121978C5700EC9849 /* Sources */,
				A30ABE8221978C5700EC9849 /* Frameworks */,
				A30ABE8321978C5700EC9849 /* Resources */,
			);
			buildRules = (
			);
			dependencies = (
			);
			name = GifViewer;
			productName = GifViewer;
			productReference = A30ABE8521978C5700EC9849 /* GifViewer.app */;
			productType = "com.apple.product-type.application";
		};
/* End PBXNativeTarget section */

/* Begin PBXProject section */
		A30ABE7D21978C5700EC9849 /* Project object */ = {
			isa = PBXProject;
			attributes = {
				LastUpgradeCheck = 1010;
				ORGANIZATIONNAME = "Romell Bolton";
				TargetAttributes = {
					A30ABE8421978C5700EC9849 = {
						CreatedOnToolsVersion = 10.1;
					};
				};
			};
			buildConfigurationList = A30ABE8021978C5700EC9849 /* Build configuration list for PBXProject "GifViewer" */;
			compatibilityVersion = "Xcode 9.3";
			developmentRegion = en;
			hasScannedForEncodings = 0;
			knownRegions = (
				en,
				Base,
			);
			mainGroup = A30ABE7C21978C5700EC9849;
			productRefGroup = A30ABE8621978C5700EC9849 /* Products */;
			projectDirPath = "";
			projectRoot = "";
			targets = (
				A30ABE8421978C5700EC9849 /* GifViewer */,
			);
		};
/* End PBXProject section */

/* Begin PBXResourcesBuildPhase section */
		A30ABE8321978C5700EC9849 /* Resources */ = {
			isa = PBXResourcesBuildPhase;
			buildActionMask = 2147483647;
			files = (
				A30ABE9521978C5900EC9849 /* LaunchScreen.storyboard in Resources */,
				A30ABE9221978C5900EC9849 /* Assets.xcassets in Resources */,
				A30ABE9021978C5700EC9849 /* Main.storyboard in Resources */,
			);
			runOnlyForDeploymentPostprocessing = 0;
		};
/* End PBXResourcesBuildPhase section */

/* Begin PBXSourcesBuildPhase section */
		A30ABE8121978C5700EC9849 /* Sources */ = {
			isa = PBXSourcesBuildPhase;
			buildActionMask = 2147483647;
			files = (
				A30ABE8A21978C5700EC9849 /* AppDelegate.m in Sources */,
				A30ABEA3219791EE00EC9849 /* CollectionViewCell.m in Sources */,
				A3C082072198954E00E987F0 /* Giphy.m in Sources */,
				A3C082042198952500E987F0 /* main.m in Sources */,
				A30ABEA021978D7E00EC9849 /* CollectionViewController.m in Sources */,
				A30FE58E2198DBF70028E2BE /* DetailViewController.m in Sources */,
			);
			runOnlyForDeploymentPostprocessing = 0;
		};
/* End PBXSourcesBuildPhase section */

/* Begin PBXVariantGroup section */
		A30ABE8E21978C5700EC9849 /* Main.storyboard */ = {
			isa = PBXVariantGroup;
			children = (
				A30ABE8F21978C5700EC9849 /* Base */,
			);
			name = Main.storyboard;
			sourceTree = "<group>";
		};
		A30ABE9321978C5900EC9849 /* LaunchScreen.storyboard */ = {
			isa = PBXVariantGroup;
			children = (
				A30ABE9421978C5900EC9849 /* Base */,
			);
			name = LaunchScreen.storyboard;
			sourceTree = "<group>";
		};
/* End PBXVariantGroup section */

/* Begin XCBuildConfiguration section */
		A30ABE9921978C5900EC9849 /* Debug */ = {
			isa = XCBuildConfiguration;
			buildSettings = {
				ALWAYS_SEARCH_USER_PATHS = NO;
				CLANG_ANALYZER_NONNULL = YES;
				CLANG_ANALYZER_NUMBER_OBJECT_CONVERSION = YES_AGGRESSIVE;
				CLANG_CXX_LANGUAGE_STANDARD = "gnu++14";
				CLANG_CXX_LIBRARY = "libc++";
				CLANG_ENABLE_MODULES = YES;
				CLANG_ENABLE_OBJC_ARC = YES;
				CLANG_ENABLE_OBJC_WEAK = YES;
				CLANG_WARN_BLOCK_CAPTURE_AUTORELEASING = YES;
				CLANG_WARN_BOOL_CONVERSION = YES;
				CLANG_WARN_COMMA = YES;
				CLANG_WARN_CONSTANT_CONVERSION = YES;
				CLANG_WARN_DEPRECATED_OBJC_IMPLEMENTATIONS = YES;
				CLANG_WARN_DIRECT_OBJC_ISA_USAGE = YES_ERROR;
				CLANG_WARN_DOCUMENTATION_COMMENTS = YES;
				CLANG_WARN_EMPTY_BODY = YES;
				CLANG_WARN_ENUM_CONVERSION = YES;
				CLANG_WARN_INFINITE_RECURSION = YES;
				CLANG_WARN_INT_CONVERSION = YES;
				CLANG_WARN_NON_LITERAL_NULL_CONVERSION = YES;
				CLANG_WARN_OBJC_IMPLICIT_RETAIN_SELF = YES;
				CLANG_WARN_OBJC_LITERAL_CONVERSION = YES;
				CLANG_WARN_OBJC_ROOT_CLASS = YES_ERROR;
				CLANG_WARN_RANGE_LOOP_ANALYSIS = YES;
				CLANG_WARN_STRICT_PROTOTYPES = YES;
				CLANG_WARN_SUSPICIOUS_MOVE = YES;
				CLANG_WARN_UNGUARDED_AVAILABILITY = YES_AGGRESSIVE;
				CLANG_WARN_UNREACHABLE_CODE = YES;
				CLANG_WARN__DUPLICATE_METHOD_MATCH = YES;
				CODE_SIGN_IDENTITY = "iPhone Developer";
				COPY_PHASE_STRIP = NO;
				DEBUG_INFORMATION_FORMAT = dwarf;
				ENABLE_STRICT_OBJC_MSGSEND = YES;
				ENABLE_TESTABILITY = YES;
				GCC_C_LANGUAGE_STANDARD = gnu11;
				GCC_DYNAMIC_NO_PIC = NO;
				GCC_NO_COMMON_BLOCKS = YES;
				GCC_OPTIMIZATION_LEVEL = 0;
				GCC_PREPROCESSOR_DEFINITIONS = (
					"DEBUG=1",
					"$(inherited)",
				);
				GCC_WARN_64_TO_32_BIT_CONVERSION = YES;
				GCC_WARN_ABOUT_RETURN_TYPE = YES_ERROR;
				GCC_WARN_UNDECLARED_SELECTOR = YES;
				GCC_WARN_UNINITIALIZED_AUTOS = YES_AGGRESSIVE;
				GCC_WARN_UNUSED_FUNCTION = YES;
				GCC_WARN_UNUSED_VARIABLE = YES;
				IPHONEOS_DEPLOYMENT_TARGET = 12.1;
				MTL_ENABLE_DEBUG_INFO = INCLUDE_SOURCE;
				MTL_FAST_MATH = YES;
				ONLY_ACTIVE_ARCH = YES;
				SDKROOT = iphoneos;
			};
			name = Debug;
		};
		A30ABE9A21978C5900EC9849 /* Release */ = {
			isa = XCBuildConfiguration;
			buildSettings = {
				ALWAYS_SEARCH_USER_PATHS = NO;
				CLANG_ANALYZER_NONNULL = YES;
				CLANG_ANALYZER_NUMBER_OBJECT_CONVERSION = YES_AGGRESSIVE;
				CLANG_CXX_LANGUAGE_STANDARD = "gnu++14";
				CLANG_CXX_LIBRARY = "libc++";
				CLANG_ENABLE_MODULES = YES;
				CLANG_ENABLE_OBJC_ARC = YES;
				CLANG_ENABLE_OBJC_WEAK = YES;
				CLANG_WARN_BLOCK_CAPTURE_AUTORELEASING = YES;
				CLANG_WARN_BOOL_CONVERSION = YES;
				CLANG_WARN_COMMA = YES;
				CLANG_WARN_CONSTANT_CONVERSION = YES;
				CLANG_WARN_DEPRECATED_OBJC_IMPLEMENTATIONS = YES;
				CLANG_WARN_DIRECT_OBJC_ISA_USAGE = YES_ERROR;
				CLANG_WARN_DOCUMENTATION_COMMENTS = YES;
				CLANG_WARN_EMPTY_BODY = YES;
				CLANG_WARN_ENUM_CONVERSION = YES;
				CLANG_WARN_INFINITE_RECURSION = YES;
				CLANG_WARN_INT_CONVERSION = YES;
				CLANG_WARN_NON_LITERAL_NULL_CONVERSION = YES;
				CLANG_WARN_OBJC_IMPLICIT_RETAIN_SELF = YES;
				CLANG_WARN_OBJC_LITERAL_CONVERSION = YES;
				CLANG_WARN_OBJC_ROOT_CLASS = YES_ERROR;
				CLANG_WARN_RANGE_LOOP_ANALYSIS = YES;
				CLANG_WARN_STRICT_PROTOTYPES = YES;
				CLANG_WARN_SUSPICIOUS_MOVE = YES;
				CLANG_WARN_UNGUARDED_AVAILABILITY = YES_AGGRESSIVE;
				CLANG_WARN_UNREACHABLE_CODE = YES;
				CLANG_WARN__DUPLICATE_METHOD_MATCH = YES;
				CODE_SIGN_IDENTITY = "iPhone Developer";
				COPY_PHASE_STRIP = NO;
				DEBUG_INFORMATION_FORMAT = "dwarf-with-dsym";
				ENABLE_NS_ASSERTIONS = NO;
				ENABLE_STRICT_OBJC_MSGSEND = YES;
				GCC_C_LANGUAGE_STANDARD = gnu11;
				GCC_NO_COMMON_BLOCKS = YES;
				GCC_WARN_64_TO_32_BIT_CONVERSION = YES;
				GCC_WARN_ABOUT_RETURN_TYPE = YES_ERROR;
				GCC_WARN_UNDECLARED_SELECTOR = YES;
				GCC_WARN_UNINITIALIZED_AUTOS = YES_AGGRESSIVE;
				GCC_WARN_UNUSED_FUNCTION = YES;
				GCC_WARN_UNUSED_VARIABLE = YES;
				IPHONEOS_DEPLOYMENT_TARGET = 12.1;
				MTL_ENABLE_DEBUG_INFO = NO;
				MTL_FAST_MATH = YES;
				SDKROOT = iphoneos;
				VALIDATE_PRODUCT = YES;
			};
			name = Release;
		};
		A30ABE9C21978C5900EC9849 /* Debug */ = {
			isa = XCBuildConfiguration;
			buildSettings = {
				ASSETCATALOG_COMPILER_APPICON_NAME = AppIcon;
				CODE_SIGN_STYLE = Automatic;
				DEVELOPMENT_TEAM = XQ87AL2NL5;
				INFOPLIST_FILE = GifViewer/Info.plist;
				LD_RUNPATH_SEARCH_PATHS = (
					"$(inherited)",
					"@executable_path/Frameworks",
				);
				PRODUCT_BUNDLE_IDENTIFIER = com.romellbolton.GifViewer;
				PRODUCT_NAME = "$(TARGET_NAME)";
				TARGETED_DEVICE_FAMILY = "1,2";
			};
			name = Debug;
		};
		A30ABE9D21978C5900EC9849 /* Release */ = {
			isa = XCBuildConfiguration;
			buildSettings = {
				ASSETCATALOG_COMPILER_APPICON_NAME = AppIcon;
				CODE_SIGN_STYLE = Automatic;
				DEVELOPMENT_TEAM = XQ87AL2NL5;
				INFOPLIST_FILE = GifViewer/Info.plist;
				LD_RUNPATH_SEARCH_PATHS = (
					"$(inherited)",
					"@executable_path/Frameworks",
				);
				PRODUCT_BUNDLE_IDENTIFIER = com.romellbolton.GifViewer;
				PRODUCT_NAME = "$(TARGET_NAME)";
				TARGETED_DEVICE_FAMILY = "1,2";
			};
			name = Release;
		};
/* End XCBuildConfiguration section */

/* Begin XCConfigurationList section */
		A30ABE8021978C5700EC9849 /* Build configuration list for PBXProject "GifViewer" */ = {
			isa = XCConfigurationList;
			buildConfigurations = (
				A30ABE9921978C5900EC9849 /* Debug */,
				A30ABE9A21978C5900EC9849 /* Release */,
			);
			defaultConfigurationIsVisible = 0;
			defaultConfigurationName = Release;
		};
		A30ABE9B21978C5900EC9849 /* Build configuration list for PBXNativeTarget "GifViewer" */ = {
			isa = XCConfigurationList;
			buildConfigurations = (
				A30ABE9C21978C5900EC9849 /* Debug */,
				A30ABE9D21978C5900EC9849 /* Release */,
			);
			defaultConfigurationIsVisible = 0;
			defaultConfigurationName = Release;
		};
/* End XCConfigurationList section */
	};
	rootObject = A30ABE7D21978C5700EC9849 /* Project object */;
}
